
Microsoft Visual Studio Solution File, Format Version 11.00
# Visual Studio 2010
Project("{FAE04EC0-301F-11D3-BF4B-00C04F79EFBC}") = "Assembly-CSharp", "Assembly-CSharp.csproj", "{99821333-ca57-e180-fdfb-9ddfe271a463}"
EndProject
Project("{FAE04EC0-301F-11D3-BF4B-00C04F79EFBC}") = "Assembly-CSharp-Editor", "Assembly-CSharp-Editor.csproj", "{66a630c3-e9c0-097f-2c89-861219f74f7b}"
EndProject
Global
	GlobalSection(SolutionConfigurationPlatforms) = preSolution
		Debug|Any CPU = Debug|Any CPU
		Release|Any CPU = Release|Any CPU
	EndGlobalSection
	GlobalSection(ProjectConfigurationPlatforms) = postSolution
		{99821333-ca57-e180-fdfb-9ddfe271a463}.Debug|Any CPU.ActiveCfg = Debug|Any CPU
		{99821333-ca57-e180-fdfb-9ddfe271a463}.Debug|Any CPU.Build.0 = Debug|Any CPU
		{99821333-ca57-e180-fdfb-9ddfe271a463}.Release|Any CPU.ActiveCfg = Release|Any CPU
		{99821333-ca57-e180-fdfb-9ddfe271a463}.Release|Any CPU.Build.0 = Release|Any CPU
		{66a630c3-e9c0-097f-2c89-861219f74f7b}.Debug|Any CPU.ActiveCfg = Debug|Any CPU
		{66a630c3-e9c0-097f-2c89-861219f74f7b}.Debug|Any CPU.Build.0 = Debug|Any CPU
		{66a630c3-e9c0-097f-2c89-861219f74f7b}.Release|Any CPU.ActiveCfg = Release|Any CPU
		{66a630c3-e9c0-097f-2c89-861219f74f7b}.Release|Any CPU.Build.0 = Release|Any CPU
	EndGlobalSection
	GlobalSection(SolutionProperties) = preSolution
		HideSolutionNode = FALSE
	EndGlobalSection
EndGlobal
